
Microsoft Visual Studio Solution File, Format Version 12.00
# Visual Studio Version 16
VisualStudioVersion = 16.0.30225.117
MinimumVisualStudioVersion = 10.0.40219.1
Project("{FAE04EC0-301F-11D3-BF4B-00C04F79EFBC}") = "angl.UWP", "angl\angl.UWP\angl.UWP.csproj", "{D303AA2C-9B33-437F-BBE6-5B49BB0C53AE}"
EndProject
Project("{FAE04EC0-301F-11D3-BF4B-00C04F79EFBC}") = "angl.Android", "angl\angl.Android\angl.Android.csproj", "{8DB4C880-8876-4906-9F1A-7E985531AA8E}"
EndProject
Project("{FAE04EC0-301F-11D3-BF4B-00C04F79EFBC}") = "angl.iOS", "angl\angl.iOS\angl.iOS.csproj", "{7AF7141D-A61F-4A1F-97C8-BD32D5DC7C2E}"
EndProject
Project("{FAE04EC0-301F-11D3-BF4B-00C04F79EFBC}") = "angl", "angl\angl\angl.csproj", "{E5C002A0-D58F-4723-A1CE-5CB831452782}"
EndProject
Global
	GlobalSection(SolutionConfigurationPlatforms) = preSolution
		Debug|Any CPU = Debug|Any CPU
		Debug|ARM = Debug|ARM
		Debug|iPhone = Debug|iPhone
		Debug|iPhoneSimulator = Debug|iPhoneSimulator
		Debug|x64 = Debug|x64
		Debug|x86 = Debug|x86
		Release|Any CPU = Release|Any CPU
		Release|ARM = Release|ARM
		Release|iPhone = Release|iPhone
		Release|iPhoneSimulator = Release|iPhoneSimulator
		Release|x64 = Release|x64
		Release|x86 = Release|x86
	EndGlobalSection
	GlobalSection(ProjectConfigurationPlatforms) = postSolution
		{D303AA2C-9B33-437F-BBE6-5B49BB0C53AE}.Debug|Any CPU.ActiveCfg = Debug|x86
		{D303AA2C-9B33-437F-BBE6-5B49BB0C53AE}.Debug|Any CPU.Build.0 = Debug|x86
		{D303AA2C-9B33-437F-BBE6-5B49BB0C53AE}.Debug|Any CPU.Deploy.0 = Debug|x86
		{D303AA2C-9B33-437F-BBE6-5B49BB0C53AE}.Debug|ARM.ActiveCfg = Debug|ARM
		{D303AA2C-9B33-437F-BBE6-5B49BB0C53AE}.Debug|ARM.Build.0 = Debug|ARM
		{D303AA2C-9B33-437F-BBE6-5B49BB0C53AE}.Debug|ARM.Deploy.0 = Debug|ARM
		{D303AA2C-9B33-437F-BBE6-5B49BB0C53AE}.Debug|iPhone.ActiveCfg = Debug|x86
		{D303AA2C-9B33-437F-BBE6-5B49BB0C53AE}.Debug|iPhone.Build.0 = Debug|x86
		{D303AA2C-9B33-437F-BBE6-5B49BB0C53AE}.Debug|iPhone.Deploy.0 = Debug|x86
		{D303AA2C-9B33-437F-BBE6-5B49BB0C53AE}.Debug|iPhoneSimulator.ActiveCfg = Debug|x86
		{D303AA2C-9B33-437F-BBE6-5B49BB0C53AE}.Debug|iPhoneSimulator.Build.0 = Debug|x86
		{D303AA2C-9B33-437F-BBE6-5B49BB0C53AE}.Debug|iPhoneSimulator.Deploy.0 = Debug|x86
		{D303AA2C-9B33-437F-BBE6-5B49BB0C53AE}.Debug|x64.ActiveCfg = Debug|x64
		{D303AA2C-9B33-437F-BBE6-5B49BB0C53AE}.Debug|x64.Build.0 = Debug|x64
		{D303AA2C-9B33-437F-BBE6-5B49BB0C53AE}.Debug|x64.Deploy.0 = Debug|x64
		{D303AA2C-9B33-437F-BBE6-5B49BB0C53AE}.Debug|x86.ActiveCfg = Debug|x86
		{D303AA2C-9B33-437F-BBE6-5B49BB0C53AE}.Debug|x86.Build.0 = Debug|x86
		{D303AA2C-9B33-437F-BBE6-5B49BB0C53AE}.Debug|x86.Deploy.0 = Debug|x86
		{D303AA2C-9B33-437F-BBE6-5B49BB0C53AE}.Release|Any CPU.ActiveCfg = Release|x86
		{D303AA2C-9B33-437F-BBE6-5B49BB0C53AE}.Release|Any CPU.Build.0 = Release|x86
		{D303AA2C-9B33-437F-BBE6-5B49BB0C53AE}.Release|Any CPU.Deploy.0 = Release|x86
		{D303AA2C-9B33-437F-BBE6-5B49BB0C53AE}.Release|ARM.ActiveCfg = Release|ARM
		{D303AA2C-9B33-437F-BBE6-5B49BB0C53AE}.Release|ARM.Build.0 = Release|ARM
		{D303AA2C-9B33-437F-BBE6-5B49BB0C53AE}.Release|ARM.Deploy.0 = Release|ARM
		{D303AA2C-9B33-437F-BBE6-5B49BB0C53AE}.Release|iPhone.ActiveCfg = Release|x86
		{D303AA2C-9B33-437F-BBE6-5B49BB0C53AE}.Release|iPhone.Build.0 = Release|x86
		{D303AA2C-9B33-437F-BBE6-5B49BB0C53AE}.Release|iPhone.Deploy.0 = Release|x86
		{D303AA2C-9B33-437F-BBE6-5B49BB0C53AE}.Release|iPhoneSimulator.ActiveCfg = Release|x86
		{D303AA2C-9B33-437F-BBE6-5B49BB0C53AE}.Release|iPhoneSimulator.Build.0 = Release|x86
		{D303AA2C-9B33-437F-BBE6-5B49BB0C53AE}.Release|iPhoneSimulator.Deploy.0 = Release|x86
		{D303AA2C-9B33-437F-BBE6-5B49BB0C53AE}.Release|x64.ActiveCfg = Release|x64
		{D303AA2C-9B33-437F-BBE6-5B49BB0C53AE}.Release|x64.Build.0 = Release|x64
		{D303AA2C-9B33-437F-BBE6-5B49BB0C53AE}.Release|x64.Deploy.0 = Release|x64
		{D303AA2C-9B33-437F-BBE6-5B49BB0C53AE}.Release|x86.ActiveCfg = Release|x86
		{D303AA2C-9B33-437F-BBE6-5B49BB0C53AE}.Release|x86.Build.0 = Release|x86
		{D303AA2C-9B33-437F-BBE6-5B49BB0C53AE}.Release|x86.Deploy.0 = Release|x86
		{8DB4C880-8876-4906-9F1A-7E985531AA8E}.Debug|Any CPU.ActiveCfg = Debug|Any CPU
		{8DB4C880-8876-4906-9F1A-7E985531AA8E}.Debug|Any CPU.Build.0 = Debug|Any CPU
		{8DB4C880-8876-4906-9F1A-7E985531AA8E}.Debug|Any CPU.Deploy.0 = Debug|Any CPU
		{8DB4C880-8876-4906-9F1A-7E985531AA8E}.Debug|ARM.ActiveCfg = Debug|Any CPU
		{8DB4C880-8876-4906-9F1A-7E985531AA8E}.Debug|ARM.Build.0 = Debug|Any CPU
		{8DB4C880-8876-4906-9F1A-7E985531AA8E}.Debug|ARM.Deploy.0 = Debug|Any CPU
		{8DB4C880-8876-4906-9F1A-7E985531AA8E}.Debug|iPhone.ActiveCfg = Debug|Any CPU
		{8DB4C880-8876-4906-9F1A-7E985531AA8E}.Debug|iPhone.Build.0 = Debug|Any CPU
		{8DB4C880-8876-4906-9F1A-7E985531AA8E}.Debug|iPhone.Deploy.0 = Debug|Any CPU
		{8DB4C880-8876-4906-9F1A-7E985531AA8E}.Debug|iPhoneSimulator.ActiveCfg = Debug|Any CPU
		{8DB4C880-8876-4906-9F1A-7E985531AA8E}.Debug|iPhoneSimulator.Build.0 = Debug|Any CPU
		{8DB4C880-8876-4906-9F1A-7E985531AA8E}.Debug|iPhoneSimulator.Deploy.0 = Debug|Any CPU
		{8DB4C880-8876-4906-9F1A-7E985531AA8E}.Debug|x64.ActiveCfg = Debug|Any CPU
		{8DB4C880-8876-4906-9F1A-7E985531AA8E}.Debug|x64.Build.0 = Debug|Any CPU
		{8DB4C880-8876-4906-9F1A-7E985531AA8E}.Debug|x64.Deploy.0 = Debug|Any CPU
		{8DB4C880-8876-4906-9F1A-7E985531AA8E}.Debug|x86.ActiveCfg = Debug|Any CPU
		{8DB4C880-8876-4906-9F1A-7E985531AA8E}.Debug|x86.Build.0 = Debug|Any CPU
		{8DB4C880-8876-4906-9F1A-7E985531AA8E}.Debug|x86.Deploy.0 = Debug|Any CPU
		{8DB4C880-8876-4906-9F1A-7E985531AA8E}.Release|Any CPU.ActiveCfg = Release|Any CPU
		{8DB4C880-8876-4906-9F1A-7E985531AA8E}.Release|Any CPU.Build.0 = Release|Any CPU
		{8DB4C880-8876-4906-9F1A-7E985531AA8E}.Release|Any CPU.Deploy.0 = Release|Any CPU
		{8DB4C880-8876-4906-9F1A-7E985531AA8E}.Release|ARM.ActiveCfg = Release|Any CPU
		{8DB4C880-8876-4906-9F1A-7E985531AA8E}.Release|ARM.Build.0 = Release|Any CPU
		{8DB4C880-8876-4906-9F1A-7E985531AA8E}.Release|ARM.Deploy.0 = Release|Any CPU
		{8DB4C880-8876-4906-9F1A-7E985531AA8E}.Release|iPhone.ActiveCfg = Release|Any CPU
		{8DB4C880-8876-4906-9F1A-7E985531AA8E}.Release|iPhone.Build.0 = Release|Any CPU
		{8DB4C880-8876-4906-9F1A-7E985531AA8E}.Release|iPhone.Deploy.0 = Release|Any CPU
		{8DB4C880-8876-4906-9F1A-7E985531AA8E}.Release|iPhoneSimulator.ActiveCfg = Release|Any CPU
		{8DB4C880-8876-4906-9F1A-7E985531AA8E}.Release|iPhoneSimulator.Build.0 = Release|Any CPU
		{8DB4C880-8876-4906-9F1A-7E985531AA8E}.Release|iPhoneSimulator.Deploy.0 = Release|Any CPU
		{8DB4C880-8876-4906-9F1A-7E985531AA8E}.Release|x64.ActiveCfg = Release|Any CPU
		{8DB4C880-8876-4906-9F1A-7E985531AA8E}.Release|x64.Build.0 = Release|Any CPU
		{8DB4C880-8876-4906-9F1A-7E985531AA8E}.Release|x64.Deploy.0 = Release|Any CPU
		{8DB4C880-8876-4906-9F1A-7E985531AA8E}.Release|x86.ActiveCfg = Release|Any CPU
		{8DB4C880-8876-4906-9F1A-7E985531AA8E}.Release|x86.Build.0 = Release|Any CPU
		{8DB4C880-8876-4906-9F1A-7E985531AA8E}.Release|x86.Deploy.0 = Release|Any CPU
		{7AF7141D-A61F-4A1F-97C8-BD32D5DC7C2E}.Debug|Any CPU.ActiveCfg = Debug|iPhone
		{7AF7141D-A61F-4A1F-97C8-BD32D5DC7C2E}.Debug|Any CPU.Build.0 = Debug|iPhone
		{7AF7141D-A61F-4A1F-97C8-BD32D5DC7C2E}.Debug|Any CPU.Deploy.0 = Debug|iPhone
		{7AF7141D-A61F-4A1F-97C8-BD32D5DC7C2E}.Debug|ARM.ActiveCfg = Debug|iPhone
		{7AF7141D-A61F-4A1F-97C8-BD32D5DC7C2E}.Debug|ARM.Build.0 = Debug|iPhone
		{7AF7141D-A61F-4A1F-97C8-BD32D5DC7C2E}.Debug|ARM.Deploy.0 = Debug|iPhone
		{7AF7141D-A61F-4A1F-97C8-BD32D5DC7C2E}.Debug|iPhone.ActiveCfg = Debug|iPhone
		{7AF7141D-A61F-4A1F-97C8-BD32D5DC7C2E}.Debug|iPhone.Build.0 = Debug|iPhone
		{7AF7141D-A61F-4A1F-97C8-BD32D5DC7C2E}.Debug|iPhone.Deploy.0 = Debug|iPhone
		{7AF7141D-A61F-4A1F-97C8-BD32D5DC7C2E}.Debug|iPhoneSimulator.ActiveCfg = Debug|iPhoneSimulator
		{7AF7141D-A61F-4A1F-97C8-BD32D5DC7C2E}.Debug|iPhoneSimulator.Build.0 = Debug|iPhoneSimulator
		{7AF7141D-A61F-4A1F-97C8-BD32D5DC7C2E}.Debug|iPhoneSimulator.Deploy.0 = Debug|iPhoneSimulator
		{7AF7141D-A61F-4A1F-97C8-BD32D5DC7C2E}.Debug|x64.ActiveCfg = Debug|iPhone
		{7AF7141D-A61F-4A1F-97C8-BD32D5DC7C2E}.Debug|x64.Build.0 = Debug|iPhone
		{7AF7141D-A61F-4A1F-97C8-BD32D5DC7C2E}.Debug|x64.Deploy.0 = Debug|iPhone
		{7AF7141D-A61F-4A1F-97C8-BD32D5DC7C2E}.Debug|x86.ActiveCfg = Debug|iPhone
		{7AF7141D-A61F-4A1F-97C8-BD32D5DC7C2E}.Debug|x86.Build.0 = Debug|iPhone
		{7AF7141D-A61F-4A1F-97C8-BD32D5DC7C2E}.Debug|x86.Deploy.0 = Debug|iPhone
		{7AF7141D-A61F-4A1F-97C8-BD32D5DC7C2E}.Release|Any CPU.ActiveCfg = Release|iPhone
		{7AF7141D-A61F-4A1F-97C8-BD32D5DC7C2E}.Release|Any CPU.Build.0 = Release|iPhone
		{7AF7141D-A61F-4A1F-97C8-BD32D5DC7C2E}.Release|Any CPU.Deploy.0 = Release|iPhone
		{7AF7141D-A61F-4A1F-97C8-BD32D5DC7C2E}.Release|ARM.ActiveCfg = Release|iPhone
		{7AF7141D-A61F-4A1F-97C8-BD32D5DC7C2E}.Release|ARM.Build.0 = Release|iPhone
		{7AF7141D-A61F-4A1F-97C8-BD32D5DC7C2E}.Release|ARM.Deploy.0 = Release|iPhone
		{7AF7141D-A61F-4A1F-97C8-BD32D5DC7C2E}.Release|iPhone.ActiveCfg = Release|iPhone
		{7AF7141D-A61F-4A1F-97C8-BD32D5DC7C2E}.Release|iPhone.Build.0 = Release|iPhone
		{7AF7141D-A61F-4A1F-97C8-BD32D5DC7C2E}.Release|iPhone.Deploy.0 = Release|iPhone
		{7AF7141D-A61F-4A1F-97C8-BD32D5DC7C2E}.Release|iPhoneSimulator.ActiveCfg = Release|iPhoneSimulator
		{7AF7141D-A61F-4A1F-97C8-BD32D5DC7C2E}.Release|iPhoneSimulator.Build.0 = Release|iPhoneSimulator
		{7AF7141D-A61F-4A1F-97C8-BD32D5DC7C2E}.Release|iPhoneSimulator.Deploy.0 = Release|iPhoneSimulator
		{7AF7141D-A61F-4A1F-97C8-BD32D5DC7C2E}.Release|x64.ActiveCfg = Release|iPhone
		{7AF7141D-A61F-4A1F-97C8-BD32D5DC7C2E}.Release|x64.Build.0 = Release|iPhone
		{7AF7141D-A61F-4A1F-97C8-BD32D5DC7C2E}.Release|x64.Deploy.0 = Release|iPhone
		{7AF7141D-A61F-4A1F-97C8-BD32D5DC7C2E}.Release|x86.ActiveCfg = Release|iPhone
		{7AF7141D-A61F-4A1F-97C8-BD32D5DC7C2E}.Release|x86.Build.0 = Release|iPhone
		{7AF7141D-A61F-4A1F-97C8-BD32D5DC7C2E}.Release|x86.Deploy.0 = Release|iPhone
		{E5C002A0-D58F-4723-A1CE-5CB831452782}.Debug|Any CPU.ActiveCfg = Debug|Any CPU
		{E5C002A0-D58F-4723-A1CE-5CB831452782}.Debug|Any CPU.Build.0 = Debug|Any CPU
		{E5C002A0-D58F-4723-A1CE-5CB831452782}.Debug|Any CPU.Deploy.0 = Debug|Any CPU
		{E5C002A0-D58F-4723-A1CE-5CB831452782}.Debug|ARM.ActiveCfg = Debug|Any CPU
		{E5C002A0-D58F-4723-A1CE-5CB831452782}.Debug|ARM.Build.0 = Debug|Any CPU
		{E5C002A0-D58F-4723-A1CE-5CB831452782}.Debug|ARM.Deploy.0 = Debug|Any CPU
		{E5C002A0-D58F-4723-A1CE-5CB831452782}.Debug|iPhone.ActiveCfg = Debug|Any CPU
		{E5C002A0-D58F-4723-A1CE-5CB831452782}.Debug|iPhone.Build.0 = Debug|Any CPU
		{E5C002A0-D58F-4723-A1CE-5CB831452782}.Debug|iPhone.Deploy.0 = Debug|Any CPU
		{E5C002A0-D58F-4723-A1CE-5CB831452782}.Debug|iPhoneSimulator.ActiveCfg = Debug|Any CPU
		{E5C002A0-D58F-4723-A1CE-5CB831452782}.Debug|iPhoneSimulator.Build.0 = Debug|Any CPU
		{E5C002A0-D58F-4723-A1CE-5CB831452782}.Debug|iPhoneSimulator.Deploy.0 = Debug|Any CPU
		{E5C002A0-D58F-4723-A1CE-5CB831452782}.Debug|x64.ActiveCfg = Debug|Any CPU
		{E5C002A0-D58F-4723-A1CE-5CB831452782}.Debug|x64.Build.0 = Debug|Any CPU
		{E5C002A0-D58F-4723-A1CE-5CB831452782}.Debug|x64.Deploy.0 = Debug|Any CPU
		{E5C002A0-D58F-4723-A1CE-5CB831452782}.Debug|x86.ActiveCfg = Debug|Any CPU
		{E5C002A0-D58F-4723-A1CE-5CB831452782}.Debug|x86.Build.0 = Debug|Any CPU
		{E5C002A0-D58F-4723-A1CE-5CB831452782}.Debug|x86.Deploy.0 = Debug|Any CPU
		{E5C002A0-D58F-4723-A1CE-5CB831452782}.Release|Any CPU.ActiveCfg = Release|Any CPU
		{E5C002A0-D58F-4723-A1CE-5CB831452782}.Release|Any CPU.Build.0 = Release|Any CPU
		{E5C002A0-D58F-4723-A1CE-5CB831452782}.Release|Any CPU.Deploy.0 = Release|Any CPU
		{E5C002A0-D58F-4723-A1CE-5CB831452782}.Release|ARM.ActiveCfg = Release|Any CPU
		{E5C002A0-D58F-4723-A1CE-5CB831452782}.Release|ARM.Build.0 = Release|Any CPU
		{E5C002A0-D58F-4723-A1CE-5CB831452782}.Release|ARM.Deploy.0 = Release|Any CPU
		{E5C002A0-D58F-4723-A1CE-5CB831452782}.Release|iPhone.ActiveCfg = Release|Any CPU
		{E5C002A0-D58F-4723-A1CE-5CB831452782}.Release|iPhone.Build.0 = Release|Any CPU
		{E5C002A0-D58F-4723-A1CE-5CB831452782}.Release|iPhone.Deploy.0 = Release|Any CPU
		{E5C002A0-D58F-4723-A1CE-5CB831452782}.Release|iPhoneSimulator.ActiveCfg = Release|Any CPU
		{E5C002A0-D58F-4723-A1CE-5CB831452782}.Release|iPhoneSimulator.Build.0 = Release|Any CPU
		{E5C002A0-D58F-4723-A1CE-5CB831452782}.Release|iPhoneSimulator.Deploy.0 = Release|Any CPU
		{E5C002A0-D58F-4723-A1CE-5CB831452782}.Release|x64.ActiveCfg = Release|Any CPU
		{E5C002A0-D58F-4723-A1CE-5CB831452782}.Release|x64.Build.0 = Release|Any CPU
		{E5C002A0-D58F-4723-A1CE-5CB831452782}.Release|x64.Deploy.0 = Release|Any CPU
		{E5C002A0-D58F-4723-A1CE-5CB831452782}.Release|x86.ActiveCfg = Release|Any CPU
		{E5C002A0-D58F-4723-A1CE-5CB831452782}.Release|x86.Build.0 = Release|Any CPU
		{E5C002A0-D58F-4723-A1CE-5CB831452782}.Release|x86.Deploy.0 = Release|Any CPU
	EndGlobalSection
	GlobalSection(SolutionProperties) = preSolution
		HideSolutionNode = FALSE
	EndGlobalSection
	GlobalSection(ExtensibilityGlobals) = postSolution
		SolutionGuid = {2D4FA61C-A3AC-4136-939B-1611771F1E82}
	EndGlobalSection
EndGlobal
